
Microsoft Visual Studio Solution File, Format Version 12.00
# Visual Studio Version 17
VisualStudioVersion = 17.11.35312.102
MinimumVisualStudioVersion = 10.0.40219.1
Project("{FAE04EC0-301F-11D3-BF4B-00C04F79EFBC}") = "Printer-Group-Project", "Printer-Group-Project.csproj", "{2C40F8F0-1183-40B4-9D85-C68FD532E2D3}"
EndProject
Global
	GlobalSection(SolutionConfigurationPlatforms) = preSolution
		Debug|Any CPU = Debug|Any CPU
		Release|Any CPU = Release|Any CPU
	EndGlobalSection
	GlobalSection(ProjectConfigurationPlatforms) = postSolution
		{2C40F8F0-1183-40B4-9D85-C68FD532E2D3}.Debug|Any CPU.ActiveCfg = Debug|Any CPU
		{2C40F8F0-1183-40B4-9D85-C68FD532E2D3}.Debug|Any CPU.Build.0 = Debug|Any CPU
		{2C40F8F0-1183-40B4-9D85-C68FD532E2D3}.Release|Any CPU.ActiveCfg = Release|Any CPU
		{2C40F8F0-1183-40B4-9D85-C68FD532E2D3}.Release|Any CPU.Build.0 = Release|Any CPU
	EndGlobalSection
	GlobalSection(SolutionProperties) = preSolution
		HideSolutionNode = FALSE
	EndGlobalSection
	GlobalSection(ExtensibilityGlobals) = postSolution
		SolutionGuid = {DA55CDEA-347E-4A40-B45B-375630EB56A1}
	EndGlobalSection
EndGlobal
